
Microsoft Visual Studio Solution File, Format Version 12.00
# Visual Studio 15
VisualStudioVersion = 15.0.27130.2020
MinimumVisualStudioVersion = 10.0.40219.1
Project("{FAE04EC0-301F-11D3-BF4B-00C04F79EFBC}") = "NewsApi", "NewsApi\NewsApi.csproj", "{06DAA09F-B152-406D-A6D9-53DC38DF835B}"
EndProject
Project("{FAE04EC0-301F-11D3-BF4B-00C04F79EFBC}") = "NewsApi.Tests", "NewsApi.Tests\NewsApi.Tests.csproj", "{9ABEE1A0-3583-4E67-9AFA-901D58F5E11A}"
EndProject
Project("{2150E333-8FDC-42A3-9474-1A3956D46DE8}") = "Solution Items", "Solution Items", "{2FA88545-D408-4AEC-B441-B3BE53E2C219}"
	ProjectSection(SolutionItems) = preProject
		..\README.md = ..\README.md
	EndProjectSection
EndProject
Global
	GlobalSection(SolutionConfigurationPlatforms) = preSolution
		Debug|Any CPU = Debug|Any CPU
		Release|Any CPU = Release|Any CPU
	EndGlobalSection
	GlobalSection(ProjectConfigurationPlatforms) = postSolution
		{06DAA09F-B152-406D-A6D9-53DC38DF835B}.Debug|Any CPU.ActiveCfg = Debug|Any CPU
		{06DAA09F-B152-406D-A6D9-53DC38DF835B}.Debug|Any CPU.Build.0 = Debug|Any CPU
		{06DAA09F-B152-406D-A6D9-53DC38DF835B}.Release|Any CPU.ActiveCfg = Release|Any CPU
		{06DAA09F-B152-406D-A6D9-53DC38DF835B}.Release|Any CPU.Build.0 = Release|Any CPU
		{9ABEE1A0-3583-4E67-9AFA-901D58F5E11A}.Debug|Any CPU.ActiveCfg = Debug|Any CPU
		{9ABEE1A0-3583-4E67-9AFA-901D58F5E11A}.Debug|Any CPU.Build.0 = Debug|Any CPU
		{9ABEE1A0-3583-4E67-9AFA-901D58F5E11A}.Release|Any CPU.ActiveCfg = Release|Any CPU
		{9ABEE1A0-3583-4E67-9AFA-901D58F5E11A}.Release|Any CPU.Build.0 = Release|Any CPU
	EndGlobalSection
	GlobalSection(SolutionProperties) = preSolution
		HideSolutionNode = FALSE
	EndGlobalSection
	GlobalSection(ExtensibilityGlobals) = postSolution
		SolutionGuid = {DAE2F59F-6FC5-4F7B-91CA-6D6E9CCC6DAC}
	EndGlobalSection
EndGlobal
